
Microsoft Visual Studio Solution File, Format Version 12.00
# Visual Studio Version 17
VisualStudioVersion = 17.4.33213.308
MinimumVisualStudioVersion = 10.0.40219.1
Project("{FAE04EC0-301F-11D3-BF4B-00C04F79EFBC}") = "confort23_bot", "confort23_bot\confort23_bot.csproj", "{78F058B1-25DD-4FA9-9F27-D5B0D398534C}"
EndProject
Global
	GlobalSection(SolutionConfigurationPlatforms) = preSolution
		Debug|Any CPU = Debug|Any CPU
		Release|Any CPU = Release|Any CPU
	EndGlobalSection
	GlobalSection(ProjectConfigurationPlatforms) = postSolution
		{78F058B1-25DD-4FA9-9F27-D5B0D398534C}.Debug|Any CPU.ActiveCfg = Debug|Any CPU
		{78F058B1-25DD-4FA9-9F27-D5B0D398534C}.Debug|Any CPU.Build.0 = Debug|Any CPU
		{78F058B1-25DD-4FA9-9F27-D5B0D398534C}.Release|Any CPU.ActiveCfg = Release|Any CPU
		{78F058B1-25DD-4FA9-9F27-D5B0D398534C}.Release|Any CPU.Build.0 = Release|Any CPU
	EndGlobalSection
	GlobalSection(SolutionProperties) = preSolution
		HideSolutionNode = FALSE
	EndGlobalSection
	GlobalSection(ExtensibilityGlobals) = postSolution
		SolutionGuid = {A4BB3D10-EBC9-4402-89E4-59C25CBE6B09}
	EndGlobalSection
EndGlobal
