
Microsoft Visual Studio Solution File, Format Version 12.00
# Visual Studio Version 17
VisualStudioVersion = 17.4.33213.308
MinimumVisualStudioVersion = 10.0.40219.1
Project("{9A19103F-16F7-4668-BE54-9A1E7A4F7556}") = "confort23_bot", "confort23_bot\confort23_bot.csproj", "{78F058B1-25DD-4FA9-9F27-D5B0D398534C}"
EndProject
Project("{2150E333-8FDC-42A3-9474-1A3956D46DE8}") = "Элементы решения", "Элементы решения", "{158CEB88-66FA-433B-9E9B-BAD21D6B58BF}"
	ProjectSection(SolutionItems) = preProject
		procedureAdd.sql = procedureAdd.sql
		PROCEDURE_SELECT_SEMINARS.sql = PROCEDURE_SELECT_SEMINARS.sql
		SqlQuery_1.sql = SqlQuery_1.sql
	EndProjectSection
EndProject
Global
	GlobalSection(SolutionConfigurationPlatforms) = preSolution
		Debug|Any CPU = Debug|Any CPU
		Release|Any CPU = Release|Any CPU
	EndGlobalSection
	GlobalSection(ProjectConfigurationPlatforms) = postSolution
		{78F058B1-25DD-4FA9-9F27-D5B0D398534C}.Debug|Any CPU.ActiveCfg = Debug|Any CPU
		{78F058B1-25DD-4FA9-9F27-D5B0D398534C}.Debug|Any CPU.Build.0 = Debug|Any CPU
		{78F058B1-25DD-4FA9-9F27-D5B0D398534C}.Release|Any CPU.ActiveCfg = Release|Any CPU
		{78F058B1-25DD-4FA9-9F27-D5B0D398534C}.Release|Any CPU.Build.0 = Release|Any CPU
	EndGlobalSection
	GlobalSection(SolutionProperties) = preSolution
		HideSolutionNode = FALSE
	EndGlobalSection
	GlobalSection(ExtensibilityGlobals) = postSolution
		SolutionGuid = {A4BB3D10-EBC9-4402-89E4-59C25CBE6B09}
	EndGlobalSection
EndGlobal
